
Microsoft Visual Studio Solution File, Format Version 12.00
# Visual Studio Version 17
VisualStudioVersion = 17.1.32210.238
MinimumVisualStudioVersion = 10.0.40219.1
Project("{FAE04EC0-301F-11D3-BF4B-00C04F79EFBC}") = "UniversistetAPI", "UniversistetAPI\UniversistetAPI.csproj", "{5BF716A5-B149-4983-A3C6-DF108A0EFFB0}"
EndProject
Global
	GlobalSection(SolutionConfigurationPlatforms) = preSolution
		Debug|Any CPU = Debug|Any CPU
		Release|Any CPU = Release|Any CPU
	EndGlobalSection
	GlobalSection(ProjectConfigurationPlatforms) = postSolution
		{5BF716A5-B149-4983-A3C6-DF108A0EFFB0}.Debug|Any CPU.ActiveCfg = Debug|Any CPU
		{5BF716A5-B149-4983-A3C6-DF108A0EFFB0}.Debug|Any CPU.Build.0 = Debug|Any CPU
		{5BF716A5-B149-4983-A3C6-DF108A0EFFB0}.Release|Any CPU.ActiveCfg = Release|Any CPU
		{5BF716A5-B149-4983-A3C6-DF108A0EFFB0}.Release|Any CPU.Build.0 = Release|Any CPU
	EndGlobalSection
	GlobalSection(SolutionProperties) = preSolution
		HideSolutionNode = FALSE
	EndGlobalSection
	GlobalSection(ExtensibilityGlobals) = postSolution
		SolutionGuid = {343B1393-7A8D-45A9-B98F-949D90147ACB}
	EndGlobalSection
EndGlobal
